
Microsoft Visual Studio Solution File, Format Version 12.00
# Visual Studio Version 17
VisualStudioVersion = 17.4.33213.308
MinimumVisualStudioVersion = 10.0.40219.1
Project("{9A19103F-16F7-4668-BE54-9A1E7A4F7556}") = "med-game", "med-game\med-game.csproj", "{5931A8E2-6C36-44A6-BD6F-B5F51553D38B}"
EndProject
Project("{9A19103F-16F7-4668-BE54-9A1E7A4F7556}") = "test", "test\test.csproj", "{8C0C593D-F8BB-4185-94F1-8ECCD848F637}"
EndProject
Project("{FAE04EC0-301F-11D3-BF4B-00C04F79EFBC}") = "websocketTest", "websocketTest\websocketTest.csproj", "{729C012E-8DCC-46D8-976D-1DE41FD2A992}"
EndProject
Global
	GlobalSection(SolutionConfigurationPlatforms) = preSolution
		Debug|Any CPU = Debug|Any CPU
		Release|Any CPU = Release|Any CPU
	EndGlobalSection
	GlobalSection(ProjectConfigurationPlatforms) = postSolution
		{5931A8E2-6C36-44A6-BD6F-B5F51553D38B}.Debug|Any CPU.ActiveCfg = Debug|Any CPU
		{5931A8E2-6C36-44A6-BD6F-B5F51553D38B}.Debug|Any CPU.Build.0 = Debug|Any CPU
		{5931A8E2-6C36-44A6-BD6F-B5F51553D38B}.Release|Any CPU.ActiveCfg = Release|Any CPU
		{5931A8E2-6C36-44A6-BD6F-B5F51553D38B}.Release|Any CPU.Build.0 = Release|Any CPU
		{8C0C593D-F8BB-4185-94F1-8ECCD848F637}.Debug|Any CPU.ActiveCfg = Debug|Any CPU
		{8C0C593D-F8BB-4185-94F1-8ECCD848F637}.Debug|Any CPU.Build.0 = Debug|Any CPU
		{8C0C593D-F8BB-4185-94F1-8ECCD848F637}.Release|Any CPU.ActiveCfg = Release|Any CPU
		{8C0C593D-F8BB-4185-94F1-8ECCD848F637}.Release|Any CPU.Build.0 = Release|Any CPU
		{729C012E-8DCC-46D8-976D-1DE41FD2A992}.Debug|Any CPU.ActiveCfg = Debug|Any CPU
		{729C012E-8DCC-46D8-976D-1DE41FD2A992}.Debug|Any CPU.Build.0 = Debug|Any CPU
		{729C012E-8DCC-46D8-976D-1DE41FD2A992}.Release|Any CPU.ActiveCfg = Release|Any CPU
		{729C012E-8DCC-46D8-976D-1DE41FD2A992}.Release|Any CPU.Build.0 = Release|Any CPU
	EndGlobalSection
	GlobalSection(SolutionProperties) = preSolution
		HideSolutionNode = FALSE
	EndGlobalSection
	GlobalSection(ExtensibilityGlobals) = postSolution
		SolutionGuid = {7178A040-A52A-4539-92B3-136B7392CEAE}
	EndGlobalSection
EndGlobal
